
Microsoft Visual Studio Solution File, Format Version 12.00
# Visual Studio Version 17
VisualStudioVersion = 17.4.33110.190
MinimumVisualStudioVersion = 10.0.40219.1
Project("{FAE04EC0-301F-11D3-BF4B-00C04F79EFBC}") = "omron", "omron.csproj", "{36E5F7F5-E722-46B7-9E45-57812E2D60E1}"
EndProject
Global
	GlobalSection(SolutionConfigurationPlatforms) = preSolution
		Debug|Any CPU = Debug|Any CPU
		Release|Any CPU = Release|Any CPU
	EndGlobalSection
	GlobalSection(ProjectConfigurationPlatforms) = postSolution
		{36E5F7F5-E722-46B7-9E45-57812E2D60E1}.Debug|Any CPU.ActiveCfg = Debug|Any CPU
		{36E5F7F5-E722-46B7-9E45-57812E2D60E1}.Debug|Any CPU.Build.0 = Debug|Any CPU
		{36E5F7F5-E722-46B7-9E45-57812E2D60E1}.Release|Any CPU.ActiveCfg = Release|Any CPU
		{36E5F7F5-E722-46B7-9E45-57812E2D60E1}.Release|Any CPU.Build.0 = Release|Any CPU
	EndGlobalSection
	GlobalSection(SolutionProperties) = preSolution
		HideSolutionNode = FALSE
	EndGlobalSection
	GlobalSection(ExtensibilityGlobals) = postSolution
		SolutionGuid = {F106341C-B722-4A00-8796-C665935F2C89}
	EndGlobalSection
EndGlobal
